
Microsoft Visual Studio Solution File, Format Version 12.00
# Visual Studio Version 17
VisualStudioVersion = 17.0.32014.148
MinimumVisualStudioVersion = 10.0.40219.1
Project("{FAE04EC0-301F-11D3-BF4B-00C04F79EFBC}") = "App39", "App39\App39.csproj", "{7EB8A780-66CB-497B-BCB8-849322ACFECA}"
EndProject
Global
	GlobalSection(SolutionConfigurationPlatforms) = preSolution
		Debug|Any CPU = Debug|Any CPU
		Release|Any CPU = Release|Any CPU
	EndGlobalSection
	GlobalSection(ProjectConfigurationPlatforms) = postSolution
		{7EB8A780-66CB-497B-BCB8-849322ACFECA}.Debug|Any CPU.ActiveCfg = Debug|Any CPU
		{7EB8A780-66CB-497B-BCB8-849322ACFECA}.Debug|Any CPU.Build.0 = Debug|Any CPU
		{7EB8A780-66CB-497B-BCB8-849322ACFECA}.Release|Any CPU.ActiveCfg = Release|Any CPU
		{7EB8A780-66CB-497B-BCB8-849322ACFECA}.Release|Any CPU.Build.0 = Release|Any CPU
	EndGlobalSection
	GlobalSection(SolutionProperties) = preSolution
		HideSolutionNode = FALSE
	EndGlobalSection
	GlobalSection(ExtensibilityGlobals) = postSolution
		SolutionGuid = {1FD1EF1F-B6E8-49E9-984F-4DEA1D31BEA8}
	EndGlobalSection
EndGlobal
