
Microsoft Visual Studio Solution File, Format Version 12.00
# Visual Studio Version 17
VisualStudioVersion = 17.0.32014.148
MinimumVisualStudioVersion = 10.0.40219.1
Project("{FAE04EC0-301F-11D3-BF4B-00C04F79EFBC}") = "App19", "App19\App19.csproj", "{6CD62D49-8AF8-4CE0-A977-3FD605D5D7B9}"
EndProject
Global
	GlobalSection(SolutionConfigurationPlatforms) = preSolution
		Debug|Any CPU = Debug|Any CPU
		Release|Any CPU = Release|Any CPU
	EndGlobalSection
	GlobalSection(ProjectConfigurationPlatforms) = postSolution
		{6CD62D49-8AF8-4CE0-A977-3FD605D5D7B9}.Debug|Any CPU.ActiveCfg = Debug|Any CPU
		{6CD62D49-8AF8-4CE0-A977-3FD605D5D7B9}.Debug|Any CPU.Build.0 = Debug|Any CPU
		{6CD62D49-8AF8-4CE0-A977-3FD605D5D7B9}.Release|Any CPU.ActiveCfg = Release|Any CPU
		{6CD62D49-8AF8-4CE0-A977-3FD605D5D7B9}.Release|Any CPU.Build.0 = Release|Any CPU
	EndGlobalSection
	GlobalSection(SolutionProperties) = preSolution
		HideSolutionNode = FALSE
	EndGlobalSection
	GlobalSection(ExtensibilityGlobals) = postSolution
		SolutionGuid = {060D4A4C-8689-4A19-BBFF-6FEB285EC5CD}
	EndGlobalSection
EndGlobal
