
Microsoft Visual Studio Solution File, Format Version 12.00
# Visual Studio Version 17
VisualStudioVersion = 17.0.32014.148
MinimumVisualStudioVersion = 10.0.40219.1
Project("{FAE04EC0-301F-11D3-BF4B-00C04F79EFBC}") = "App48", "App48\App48.csproj", "{12C46D63-F3A7-4DB3-9F5F-E15AF4A583F0}"
EndProject
Global
	GlobalSection(SolutionConfigurationPlatforms) = preSolution
		Debug|Any CPU = Debug|Any CPU
		Release|Any CPU = Release|Any CPU
	EndGlobalSection
	GlobalSection(ProjectConfigurationPlatforms) = postSolution
		{12C46D63-F3A7-4DB3-9F5F-E15AF4A583F0}.Debug|Any CPU.ActiveCfg = Debug|Any CPU
		{12C46D63-F3A7-4DB3-9F5F-E15AF4A583F0}.Debug|Any CPU.Build.0 = Debug|Any CPU
		{12C46D63-F3A7-4DB3-9F5F-E15AF4A583F0}.Release|Any CPU.ActiveCfg = Release|Any CPU
		{12C46D63-F3A7-4DB3-9F5F-E15AF4A583F0}.Release|Any CPU.Build.0 = Release|Any CPU
	EndGlobalSection
	GlobalSection(SolutionProperties) = preSolution
		HideSolutionNode = FALSE
	EndGlobalSection
	GlobalSection(ExtensibilityGlobals) = postSolution
		SolutionGuid = {0361D5A0-6339-4A66-B9B6-FD24CF5DACA7}
	EndGlobalSection
EndGlobal
