
Microsoft Visual Studio Solution File, Format Version 12.00
# Visual Studio Version 17
VisualStudioVersion = 17.0.32014.148
MinimumVisualStudioVersion = 10.0.40219.1
Project("{FAE04EC0-301F-11D3-BF4B-00C04F79EFBC}") = "App18", "App18\App18.csproj", "{809A6C33-F895-4DB4-866F-ABC4B8EC1489}"
EndProject
Global
	GlobalSection(SolutionConfigurationPlatforms) = preSolution
		Debug|Any CPU = Debug|Any CPU
		Release|Any CPU = Release|Any CPU
	EndGlobalSection
	GlobalSection(ProjectConfigurationPlatforms) = postSolution
		{809A6C33-F895-4DB4-866F-ABC4B8EC1489}.Debug|Any CPU.ActiveCfg = Debug|Any CPU
		{809A6C33-F895-4DB4-866F-ABC4B8EC1489}.Debug|Any CPU.Build.0 = Debug|Any CPU
		{809A6C33-F895-4DB4-866F-ABC4B8EC1489}.Release|Any CPU.ActiveCfg = Release|Any CPU
		{809A6C33-F895-4DB4-866F-ABC4B8EC1489}.Release|Any CPU.Build.0 = Release|Any CPU
	EndGlobalSection
	GlobalSection(SolutionProperties) = preSolution
		HideSolutionNode = FALSE
	EndGlobalSection
	GlobalSection(ExtensibilityGlobals) = postSolution
		SolutionGuid = {A40954DD-E95D-4CDC-9A65-8E88989D2A17}
	EndGlobalSection
EndGlobal
