
Microsoft Visual Studio Solution File, Format Version 12.00
# Visual Studio Version 17
VisualStudioVersion = 17.0.32014.148
MinimumVisualStudioVersion = 10.0.40219.1
Project("{FAE04EC0-301F-11D3-BF4B-00C04F79EFBC}") = "App29", "App29\App29.csproj", "{9F6FC502-328D-4E41-936F-7B94F93BE888}"
EndProject
Global
	GlobalSection(SolutionConfigurationPlatforms) = preSolution
		Debug|Any CPU = Debug|Any CPU
		Release|Any CPU = Release|Any CPU
	EndGlobalSection
	GlobalSection(ProjectConfigurationPlatforms) = postSolution
		{9F6FC502-328D-4E41-936F-7B94F93BE888}.Debug|Any CPU.ActiveCfg = Debug|Any CPU
		{9F6FC502-328D-4E41-936F-7B94F93BE888}.Debug|Any CPU.Build.0 = Debug|Any CPU
		{9F6FC502-328D-4E41-936F-7B94F93BE888}.Release|Any CPU.ActiveCfg = Release|Any CPU
		{9F6FC502-328D-4E41-936F-7B94F93BE888}.Release|Any CPU.Build.0 = Release|Any CPU
	EndGlobalSection
	GlobalSection(SolutionProperties) = preSolution
		HideSolutionNode = FALSE
	EndGlobalSection
	GlobalSection(ExtensibilityGlobals) = postSolution
		SolutionGuid = {97ECABD0-B91E-477F-B6B5-E5DD4D43FC85}
	EndGlobalSection
EndGlobal
